
Microsoft Visual Studio Solution File, Format Version 12.00
# Visual Studio 15
VisualStudioVersion = 15.0.27428.2005
MinimumVisualStudioVersion = 10.0.40219.1
Project("{9A19103F-16F7-4668-BE54-9A1E7A4F7556}") = "Poc.EventStore", "Poc.EventStore\Poc.EventStore.csproj", "{755594A9-0871-4B34-9F86-D64F08FE352D}"
EndProject
Project("{9A19103F-16F7-4668-BE54-9A1E7A4F7556}") = "Poc.SqlStreamEventStore", "Poc.SqlStreamEventStore\Poc.SqlStreamEventStore.csproj", "{BDB99B7A-2641-4837-B7AF-99284CA1C10C}"
EndProject
Project("{2150E333-8FDC-42A3-9474-1A3956D46DE8}") = "1. BuildingBlocks", "1. BuildingBlocks", "{E6AA04F1-49C4-401E-B176-3404AAF53DBC}"
EndProject
Project("{2150E333-8FDC-42A3-9474-1A3956D46DE8}") = "Domain", "Domain", "{DA56160A-624E-4561-9EE0-37E694F2E5AE}"
EndProject
Project("{9A19103F-16F7-4668-BE54-9A1E7A4F7556}") = "Poc.Domain", "Poc.Domain\Poc.Domain.csproj", "{36B00858-3DB1-406F-A038-2DC214B2B928}"
EndProject
Project("{9A19103F-16F7-4668-BE54-9A1E7A4F7556}") = "Poc.Tests", "Poc.Tests\Poc.Tests.csproj", "{F3E997BA-C38C-44CF-A692-3FC04C18B046}"
EndProject
Project("{9A19103F-16F7-4668-BE54-9A1E7A4F7556}") = "Poc.Console1", "Poc.Console1\Poc.Console1.csproj", "{1A39B284-C590-4492-B0D2-7B30582FB4C9}"
EndProject
Project("{9A19103F-16F7-4668-BE54-9A1E7A4F7556}") = "Poc.LogConsole", "Poc.LogConsole\Poc.LogConsole.csproj", "{A296D5B8-F7C0-4B4A-ABE9-9B3FDE26E5B0}"
EndProject
Project("{FAE04EC0-301F-11D3-BF4B-00C04F79EFBC}") = "Poc.SnakeConsole", "Poc.SnakeConsole\Poc.SnakeConsole.csproj", "{6FD4E19F-B2BA-41FD-9289-2971C3A52930}"
EndProject
Global
	GlobalSection(SolutionConfigurationPlatforms) = preSolution
		Debug|Any CPU = Debug|Any CPU
		Release|Any CPU = Release|Any CPU
	EndGlobalSection
	GlobalSection(ProjectConfigurationPlatforms) = postSolution
		{755594A9-0871-4B34-9F86-D64F08FE352D}.Debug|Any CPU.ActiveCfg = Debug|Any CPU
		{755594A9-0871-4B34-9F86-D64F08FE352D}.Debug|Any CPU.Build.0 = Debug|Any CPU
		{755594A9-0871-4B34-9F86-D64F08FE352D}.Release|Any CPU.ActiveCfg = Release|Any CPU
		{755594A9-0871-4B34-9F86-D64F08FE352D}.Release|Any CPU.Build.0 = Release|Any CPU
		{BDB99B7A-2641-4837-B7AF-99284CA1C10C}.Debug|Any CPU.ActiveCfg = Debug|Any CPU
		{BDB99B7A-2641-4837-B7AF-99284CA1C10C}.Debug|Any CPU.Build.0 = Debug|Any CPU
		{BDB99B7A-2641-4837-B7AF-99284CA1C10C}.Release|Any CPU.ActiveCfg = Release|Any CPU
		{BDB99B7A-2641-4837-B7AF-99284CA1C10C}.Release|Any CPU.Build.0 = Release|Any CPU
		{36B00858-3DB1-406F-A038-2DC214B2B928}.Debug|Any CPU.ActiveCfg = Debug|Any CPU
		{36B00858-3DB1-406F-A038-2DC214B2B928}.Debug|Any CPU.Build.0 = Debug|Any CPU
		{36B00858-3DB1-406F-A038-2DC214B2B928}.Release|Any CPU.ActiveCfg = Release|Any CPU
		{36B00858-3DB1-406F-A038-2DC214B2B928}.Release|Any CPU.Build.0 = Release|Any CPU
		{F3E997BA-C38C-44CF-A692-3FC04C18B046}.Debug|Any CPU.ActiveCfg = Debug|Any CPU
		{F3E997BA-C38C-44CF-A692-3FC04C18B046}.Debug|Any CPU.Build.0 = Debug|Any CPU
		{F3E997BA-C38C-44CF-A692-3FC04C18B046}.Release|Any CPU.ActiveCfg = Release|Any CPU
		{F3E997BA-C38C-44CF-A692-3FC04C18B046}.Release|Any CPU.Build.0 = Release|Any CPU
		{1A39B284-C590-4492-B0D2-7B30582FB4C9}.Debug|Any CPU.ActiveCfg = Debug|Any CPU
		{1A39B284-C590-4492-B0D2-7B30582FB4C9}.Debug|Any CPU.Build.0 = Debug|Any CPU
		{1A39B284-C590-4492-B0D2-7B30582FB4C9}.Release|Any CPU.ActiveCfg = Release|Any CPU
		{1A39B284-C590-4492-B0D2-7B30582FB4C9}.Release|Any CPU.Build.0 = Release|Any CPU
		{A296D5B8-F7C0-4B4A-ABE9-9B3FDE26E5B0}.Debug|Any CPU.ActiveCfg = Debug|Any CPU
		{A296D5B8-F7C0-4B4A-ABE9-9B3FDE26E5B0}.Debug|Any CPU.Build.0 = Debug|Any CPU
		{A296D5B8-F7C0-4B4A-ABE9-9B3FDE26E5B0}.Release|Any CPU.ActiveCfg = Release|Any CPU
		{A296D5B8-F7C0-4B4A-ABE9-9B3FDE26E5B0}.Release|Any CPU.Build.0 = Release|Any CPU
		{6FD4E19F-B2BA-41FD-9289-2971C3A52930}.Debug|Any CPU.ActiveCfg = Debug|Any CPU
		{6FD4E19F-B2BA-41FD-9289-2971C3A52930}.Debug|Any CPU.Build.0 = Debug|Any CPU
		{6FD4E19F-B2BA-41FD-9289-2971C3A52930}.Release|Any CPU.ActiveCfg = Release|Any CPU
		{6FD4E19F-B2BA-41FD-9289-2971C3A52930}.Release|Any CPU.Build.0 = Release|Any CPU
	EndGlobalSection
	GlobalSection(SolutionProperties) = preSolution
		HideSolutionNode = FALSE
	EndGlobalSection
	GlobalSection(NestedProjects) = preSolution
		{755594A9-0871-4B34-9F86-D64F08FE352D} = {E6AA04F1-49C4-401E-B176-3404AAF53DBC}
		{BDB99B7A-2641-4837-B7AF-99284CA1C10C} = {E6AA04F1-49C4-401E-B176-3404AAF53DBC}
		{36B00858-3DB1-406F-A038-2DC214B2B928} = {DA56160A-624E-4561-9EE0-37E694F2E5AE}
		{F3E997BA-C38C-44CF-A692-3FC04C18B046} = {DA56160A-624E-4561-9EE0-37E694F2E5AE}
		{1A39B284-C590-4492-B0D2-7B30582FB4C9} = {DA56160A-624E-4561-9EE0-37E694F2E5AE}
		{A296D5B8-F7C0-4B4A-ABE9-9B3FDE26E5B0} = {DA56160A-624E-4561-9EE0-37E694F2E5AE}
		{6FD4E19F-B2BA-41FD-9289-2971C3A52930} = {DA56160A-624E-4561-9EE0-37E694F2E5AE}
	EndGlobalSection
	GlobalSection(ExtensibilityGlobals) = postSolution
		SolutionGuid = {4B60F9F2-CF42-426B-8360-2611BAF1B0C0}
	EndGlobalSection
EndGlobal
